
Microsoft Visual Studio Solution File, Format Version 12.00
# Visual Studio Version 16
VisualStudioVersion = 16.0.30406.217
MinimumVisualStudioVersion = 10.0.40219.1
Project("{FAE04EC0-301F-11D3-BF4B-00C04F79EFBC}") = "OperacionLaboratorios", "OperacionLaboratorios.csproj", "{A125699C-E217-4E2F-81A1-441BE13A94E4}"
EndProject
Global
	GlobalSection(SolutionConfigurationPlatforms) = preSolution
		Debug|Any CPU = Debug|Any CPU
		Release|Any CPU = Release|Any CPU
	EndGlobalSection
	GlobalSection(ProjectConfigurationPlatforms) = postSolution
		{A125699C-E217-4E2F-81A1-441BE13A94E4}.Debug|Any CPU.ActiveCfg = Debug|Any CPU
		{A125699C-E217-4E2F-81A1-441BE13A94E4}.Debug|Any CPU.Build.0 = Debug|Any CPU
		{A125699C-E217-4E2F-81A1-441BE13A94E4}.Release|Any CPU.ActiveCfg = Release|Any CPU
		{A125699C-E217-4E2F-81A1-441BE13A94E4}.Release|Any CPU.Build.0 = Release|Any CPU
	EndGlobalSection
	GlobalSection(SolutionProperties) = preSolution
		HideSolutionNode = FALSE
	EndGlobalSection
	GlobalSection(ExtensibilityGlobals) = postSolution
		SolutionGuid = {843D828E-FA55-4184-888D-B4150BD103A0}
	EndGlobalSection
EndGlobal
